{
  "version": 4,
  "terraform_version": "0.13.1",
  "serial": 81,
  "lineage": "32111034-0c67-a72c-1d70-e16ff4372d92",
  "outputs": {
    "ip": {
      "value": "52.66.48.103",
      "type": "string"
    }
  },
  "resources": [
    {
      "mode": "managed",
      "type": "aws_instance",
      "name": "example",
      "provider": "provider[\"registry.terraform.io/hashicorp/aws\"]",
      "instances": [
        {
          "schema_version": 1,
          "attributes": {
            "ami": "ami-04d8d4462ae1ae813",
            "arn": "arn:aws:ec2:ap-south-1:447020038268:instance/i-0583e716e893d85f4",
            "associate_public_ip_address": true,
            "availability_zone": "ap-south-1b",
            "cpu_core_count": 1,
            "cpu_threads_per_core": 1,
            "credit_specification": [
              {
                "cpu_credits": "standard"
              }
            ],
            "disable_api_termination": false,
            "ebs_block_device": [],
            "ebs_optimized": false,
            "ephemeral_block_device": [],
            "get_password_data": false,
            "hibernation": false,
            "host_id": null,
            "iam_instance_profile": "",
            "id": "i-0583e716e893d85f4",
            "instance_initiated_shutdown_behavior": null,
            "instance_state": "running",
            "instance_type": "t2.micro",
            "ipv6_address_count": 0,
            "ipv6_addresses": [],
            "key_name": "mykey",
            "metadata_options": [
              {
                "http_endpoint": "enabled",
                "http_put_response_hop_limit": 1,
                "http_tokens": "optional"
              }
            ],
            "monitoring": false,
            "network_interface": [],
            "outpost_arn": "",
            "password_data": "",
            "placement_group": "",
            "primary_network_interface_id": "eni-09df14f971a1aa1b8",
            "private_dns": "ip-172-31-7-61.ap-south-1.compute.internal",
            "private_ip": "172.31.7.61",
            "public_dns": "ec2-52-66-48-103.ap-south-1.compute.amazonaws.com",
            "public_ip": "52.66.48.103",
            "root_block_device": [
              {
                "delete_on_termination": true,
                "device_name": "/dev/sda1",
                "encrypted": false,
                "iops": 100,
                "kms_key_id": "",
                "volume_id": "vol-0937a9e3d38c34118",
                "volume_size": 8,
                "volume_type": "gp2"
              }
            ],
            "secondary_private_ips": [],
            "security_groups": [
              "default"
            ],
            "source_dest_check": true,
            "subnet_id": "subnet-19dfa255",
            "tags": {
              "name": "Terraform Example"
            },
            "tenancy": "default",
            "timeouts": null,
            "user_data": null,
            "user_data_base64": null,
            "volume_tags": {},
            "vpc_security_group_ids": [
              "sg-f0f1ad94"
            ]
          },
          "private": "eyJlMmJmYjczMC1lY2FhLTExZTYtOGY4OC0zNDM2M2JjN2M0YzAiOnsiY3JlYXRlIjo2MDAwMDAwMDAwMDAsImRlbGV0ZSI6MTIwMDAwMDAwMDAwMCwidXBkYXRlIjo2MDAwMDAwMDAwMDB9LCJzY2hlbWFfdmVyc2lvbiI6IjEifQ==",
          "dependencies": [
            "aws_key_pair.mykey"
          ]
        }
      ]
    },
    {
      "mode": "managed",
      "type": "aws_key_pair",
      "name": "mykey",
      "provider": "provider[\"registry.terraform.io/hashicorp/aws\"]",
      "instances": [
        {
          "schema_version": 1,
          "attributes": {
            "arn": "arn:aws:ec2:ap-south-1:447020038268:key-pair/mykey",
            "fingerprint": "0a:b4:d3:64:e0:a5:6d:5e:71:1b:da:d5:ae:f3:77:af",
            "id": "mykey",
            "key_name": "mykey",
            "key_name_prefix": null,
            "key_pair_id": "key-0053af919b0b8efb9",
            "public_key": "ssh-rsa AAAAB3NzaC1yc2EAAAADAQABAAABAQChHn8stQYMNdPiZ3nWVOLnx4GC0TOl3RBV/oK6SBCr0qzAXfgMAHbYUYZUuMOUS4n2AuHIWoIOWkwbyOFLuUE6h2sSaZzdJpqfQ+GIfEaW8RFKZZ4ZJTlR9eD7lI70gWV3shwm9aWkkDygXPSPEHs8I0YEhq7flGuIOKs/PBmdtGukMi17rWIQ3ZBYGiUjbdKBl6LyGvFvnQbJNjgCSe7/uiiWLUpH0iPvVrxBOvBIjeGu4xm2tvGmzFzJNOhdlnsx2/Y83Ri5irFLbBT/vPg3H2svF+xB3VBy7xlwCPqpmlRntDralSmIj2pVdEdCBL7ETY0R1S8WReZszpMaIDWJ kuldeep@kuldeep",
            "tags": null
          },
          "private": "eyJzY2hlbWFfdmVyc2lvbiI6IjEifQ=="
        }
      ]
    }
  ]
}
